PODS:
  - PhoneNumberKit (3.7.11):
    - PhoneNumberKit/PhoneNumberKitCore (= 3.7.11)
    - PhoneNumberKit/UIKit (= 3.7.11)
  - PhoneNumberKit/PhoneNumberKitCore (3.7.11)
  - PhoneNumberKit/UIKit (3.7.11):
    - PhoneNumberKit/PhoneNumberKitCore
  - SnapKit (5.7.1)
  - SwiftLint (0.55.1)

DEPENDENCIES:
  - PhoneNumberKit (~> 3.6)
  - SnapKit
  - SwiftLint

SPEC REPOS:
  trunk:
    - PhoneNumberKit
    - SnapKit
    - SwiftLint

SPEC CHECKSUMS:
  PhoneNumberKit: ced55861269312a5e3bc2ef82a58d6255b1c976a
  SnapKit: d612e99e678a2d3b95bf60b0705ed0a35c03484a
  SwiftLint: 3fe909719babe5537c552ee8181c0031392be933

PODFILE CHECKSUM: c3195221de12e589cc13d3ef68a0330461e6b0b5

COCOAPODS: 1.15.2
